
Microsoft Visual Studio Solution File, Format Version 12.00
# Visual Studio Version 17
VisualStudioVersion = 17.11.35222.181
MinimumVisualStudioVersion = 10.0.40219.1
Project("{FAE04EC0-301F-11D3-BF4B-00C04F79EFBC}") = "RoutingTest", "RoutingTest\RoutingTest.csproj", "{CB72537D-C018-4A58-9EFD-18FAFA54176C}"
EndProject
Global
	GlobalSection(SolutionConfigurationPlatforms) = preSolution
		Debug|Any CPU = Debug|Any CPU
		Release|Any CPU = Release|Any CPU
	EndGlobalSection
	GlobalSection(ProjectConfigurationPlatforms) = postSolution
		{CB72537D-C018-4A58-9EFD-18FAFA54176C}.Debug|Any CPU.ActiveCfg = Debug|Any CPU
		{CB72537D-C018-4A58-9EFD-18FAFA54176C}.Debug|Any CPU.Build.0 = Debug|Any CPU
		{CB72537D-C018-4A58-9EFD-18FAFA54176C}.Release|Any CPU.ActiveCfg = Release|Any CPU
		{CB72537D-C018-4A58-9EFD-18FAFA54176C}.Release|Any CPU.Build.0 = Release|Any CPU
	EndGlobalSection
	GlobalSection(SolutionProperties) = preSolution
		HideSolutionNode = FALSE
	EndGlobalSection
	GlobalSection(ExtensibilityGlobals) = postSolution
		SolutionGuid = {5461B813-B22D-4E45-8C81-82FD03CE0C83}
	EndGlobalSection
EndGlobal
